{
    "_meta": {
        "hash": {
            "sha256": "5f11105d79b401866e154f6ff9a26ec1a8ed6f11ac071bfcca2fa007256a8347"
        },
        "pipfile-spec": 6,
        "requires": {
            "python_version": "3.6"
        },
        "sources": [
            {
                "name": "pypi",
                "url": "https://pypi.org/simple",
                "verify_ssl": true
            }
        ]
    },
    "default": {
        "pendulum": {
            "hashes": [
                "sha256:0643d45824e6789b88187728337dfa6075a0233f6976c2abefba00d064156309",
                "sha256:3cc271195d8054bec06f54ff7d56ea6c2e2b5ad5dd6b532d787b34d2cabe6a65",
                "sha256:544e44d8a92954e5ef4db4fa8b662d3282f2ac7b7c2cbf4227dc193ba78b9e1e",
                "sha256:846478ab5f7480b3d850a09e44fe03830d448633c84f0b1066615ff6c34293aa",
                "sha256:8bb523f759daeecfc0649369f198cbeb27a6608347354f4f847d21d579003db6",
                "sha256:a449142063100f1b3c1119453c7569667c9ba79897305a1c50ca83a8c790f1e4",
                "sha256:b7ff156b3d7cccbdeeb63465578d9a4e6f57d463f6ff6d4474254208d08f8353",
                "sha256:d8822a592bbc16576c44ec4625bff9187ed9b649d47714e4905a55adc5b25339",
                "sha256:dd45c7b349faab69714df9835cdf8bf8bce50bf6fc471419d3b23ba33e1915a5",
                "sha256:fac088b637b5db5a047a0e89194d8c3c9e9e9ce1665089240003bb7c05b92536"
            ],
            "version": "==2.0.2"
        },
        "python-dateutil": {
            "hashes": [
                "sha256:1adb80e7a782c12e52ef9a8182bebeb73f1d7e24e374397af06fb4956c8dc5c0",
                "sha256:e27001de32f627c22380a688bcc43ce83504a7bc5da472209b4c70f02829f0b8"
            ],
            "version": "==2.7.3"
        },
        "pytzdata": {
            "hashes": [
                "sha256:1d936da41ee06216d89fdc7ead1ee9a5da2811a8787515a976b646e110c3f622",
                "sha256:e4ef42e82b0b493c5849eed98b5ab49d6767caf982127e9a33167f1153b36cc5"
            ],
            "version": "==2018.5"
        },
        "six": {
            "hashes": [
                "sha256:70e8a77beed4562e7f14fe23a786b54f6296e34344c23bc42f07b15018ff98e9",
                "sha256:832dc0e10feb1aa2c68dcc57dbb658f1c7e65b9b61af69048abc87a2db00a0eb"
            ],
            "version": "==1.11.0"
        },
        "ujson": {
            "hashes": [
                "sha256:f66073e5506e91d204ab0c614a148d5aa938bdbf104751be66f8ad7a222f5f86"
            ],
            "version": "==1.35"
        },
        "uvloop": {
            "hashes": [
                "sha256:34138af5f6ced8f2f2ba39b487119988f5055245223a330de71957c8a6713b84",
                "sha256:5336c76cd5a984b3d614170fe7a90f8cbda69eae2d9b69f00439afad86841cfd",
                "sha256:66268d184b37b1b6952dfa912b46baee41f23b51235665c7c0c01871ee893db4",
                "sha256:9803fe492b5776e2a3a256dc43f14e14627f549614c6d791acd5f1f599a33599",
                "sha256:a23ab4551f9e28fea66bebc1851e6834daa25ab708c3c86c3cbab0f93fb337cb",
                "sha256:b53401e3f77ff3828cf8e6bdc4155b18d6106ea56c8a338eb90de5e40373e18e",
                "sha256:d43830035386a5605e5ce385b75651170f2c821aa9ad7566794ac21814e4e367",
                "sha256:dbc7158699e20eadcce6d6bcfcfc4541e557557c839217b79cc25e6d5a0d072a",
                "sha256:ea31e75620c63d5507cc3c0bbe9646e6d8fea81f93c643ba631f2ab7d84d1f60",
                "sha256:edfd7e24cf8b68d6d4228066251c91884bb142b4ed62e6189602f50c44240d90"
            ],
            "version": "==0.11.0"
        },
        "vibora": {
            "hashes": [
                "sha256:d991e9142a7d8d652fb4c3294a7458fe940286d4642e070361b0cb17f0b59b20"
            ],
            "index": "pypi",
            "version": "==0.0.6"
        }
    },
    "develop": {}
}
